// !$*UTF8*$!
{
	archiveVersion = 1;
	classes = {
	};
	objectVersion = 77;
	objects = {

/* Begin PBXContainerItemProxy section */
		768AE3952F929A8F00C575F9 /* PBXContainerItemProxy */ = {
			isa = PBXContainerItemProxy;
			containerPortal = 768AE37D2F929A8E00C575F9 /* Project object */;
			proxyType = 1;
			remoteGlobalIDString = 768AE3842F929A8E00C575F9;
			remoteInfo = "Trip-Tracker";
		};
		768AE39F2F929A8F00C575F9 /* PBXContainerItemProxy */ = {
			isa = PBXContainerItemProxy;
			containerPortal = 768AE37D2F929A8E00C575F9 /* Project object */;
			proxyType = 1;
			remoteGlobalIDString = 768AE3842F929A8E00C575F9;
			remoteInfo = "Trip-Tracker";
		};
/* End PBXContainerItemProxy section */

/* Begin PBXFileReference section */
		768AE3852F929A8E00C575F9 /* Trip-Tracker.app */ = {isa = PBXFileReference; explicitFileType = wrapper.application; includeInIndex = 0; path = "Trip-Tracker.app"; sourceTree = BUILT_PRODUCTS_DIR; };
		768AE3942F929A8F00C575F9 /* Trip-TrackerTests.xctest */ = {isa = PBXFileReference; explicitFileType = wrapper.cfbundle; includeInIndex = 0; path = "Trip-TrackerTests.xctest"; sourceTree = BUILT_PRODUCTS_DIR; };
		768AE39E2F929A8F00C575F9 /* Trip-TrackerUITests.xctest */ = {isa = PBXFileReference; explicitFileType = wrapper.cfbundle; includeInIndex = 0; path = "Trip-TrackerUITests.xctest"; sourceTree = BUILT_PRODUCTS_DIR; };
/* End PBXFileReference section */

/* Begin PBXFileSystemSynchronizedBuildFileExceptionSet section */
		768AE4172F93ACDA00C575F9 /* Exceptions for "Trip-Tracker" folder in "Trip-Tracker" target */ = {
			isa = PBXFileSystemSynchronizedBuildFileExceptionSet;
			membershipExceptions = (
				Info.plist,
			);
			target = 768AE3842F929A8E00C575F9 /* Trip-Tracker */;
		};
/* End PBXFileSystemSynchronizedBuildFileExceptionSet section */

/* Begin PBXFileSystemSynchronizedRootGroup section */
		768AE3872F929A8E00C575F9 /* Trip-Tracker */ = {
			isa = PBXFileSystemSynchronizedRootGroup;
			exceptions = (
				768AE4172F93ACDA00C575F9 /* Exceptions for "Trip-Tracker" folder in "Trip-Tracker" target */,
			);
			path = "Trip-Tracker";
			sourceTree = "<group>";
		};
		768AE3972F929A8F00C575F9 /* Trip-TrackerTests */ = {
			isa = PBXFileSystemSynchronizedRootGroup;
			path = "Trip-TrackerTests";
			sourceTree = "<group>";
		};
		768AE3A12F929A8F00C575F9 /* Trip-TrackerUITests */ = {
			isa = PBXFileSystemSynchronizedRootGroup;
			path = "Trip-TrackerUITests";
			sourceTree = "<group>";
		};
/* End PBXFileSystemSynchronizedRootGroup section */

/* Begin PBXFrameworksBuildPhase section */
		768AE3822F929A8E00C575F9 /* Frameworks */ = {
			isa = PBXFrameworksBuildPhase;
			buildActionMask = 2147483647;
			files = (
			);
			runOnlyForDeploymentPostprocessing = 0;
		};
		768AE3912F929A8F00C575F9 /* Frameworks */ = {
			isa = PBXFrameworksBuildPhase;
			buildActionMask = 2147483647;
			files = (
			);
			runOnlyForDeploymentPostprocessing = 0;
		};
		768AE39B2F929A8F00C575F9 /* Frameworks */ = {
			isa = PBXFrameworksBuildPhase;
			buildActionMask = 2147483647;
			files = (
			);
			runOnlyForDeploymentPostprocessing = 0;
		};
/* End PBXFrameworksBuildPhase section */

/* Begin PBXGroup section */
		768AE37C2F929A8E00C575F9 = {
			isa = PBXGroup;
			children = (
				768AE3872F929A8E00C575F9 /* Trip-Tracker */,
				768AE3972F929A8F00C575F9 /* Trip-TrackerTests */,
				768AE3A12F929A8F00C575F9 /* Trip-TrackerUITests */,
				768AE3862F929A8E00C575F9 /* Products */,
			);
			sourceTree = "<group>";
		};
		768AE3862F929A8E00C575F9 /* Products */ = {
			isa = PBXGroup;
			children = (
				768AE3852F929A8E00C575F9 /* Trip-Tracker.app */,
				768AE3942F929A8F00C575F9 /* Trip-TrackerTests.xctest */,
				768AE39E2F929A8F00C575F9 /* Trip-TrackerUITests.xctest */,
			);
			name = Products;
			sourceTree = "<group>";
		};
/* End PBXGroup section */

/* Begin PBXNativeTarget section */
		768AE3842F929A8E00C575F9 /* Trip-Tracker */ = {
			isa = PBXNativeTarget;
			buildConfigurationList = 768AE3A82F929A8F00C575F9 /* Build configuration list for PBXNativeTarget "Trip-Tracker" */;
			buildPhases = (
				768AE3812F929A8E00C575F9 /* Sources */,
				768AE3822F929A8E00C575F9 /* Frameworks */,
				768AE3832F929A8E00C575F9 /* Resources */,
			);
			buildRules = (
			);
			dependencies = (
			);
			fileSystemSynchronizedGroups = (
				768AE3872F929A8E00C575F9 /* Trip-Tracker */,
			);
			name = "Trip-Tracker";
			packageProductDependencies = (
			);
			productName = "Trip-Tracker";
			productReference = 768AE3852F929A8E00C575F9 /* Trip-Tracker.app */;
			productType = "com.apple.product-type.application";
		};
		768AE3932F929A8F00C575F9 /* Trip-TrackerTests */ = {
			isa = PBXNativeTarget;
			buildConfigurationList = 768AE3AB2F929A8F00C575F9 /* Build configuration list for PBXNativeTarget "Trip-TrackerTests" */;
			buildPhases = (
				768AE3902F929A8F00C575F9 /* Sources */,
				768AE3912F929A8F00C575F9 /* Frameworks */,
				768AE3922F929A8F00C575F9 /* Resources */,
			);
			buildRules = (
			);
			dependencies = (
				768AE3962F929A8F00C575F9 /* PBXTargetDependency */,
			);
			fileSystemSynchronizedGroups = (
				768AE3972F929A8F00C575F9 /* Trip-TrackerTests */,
			);
			name = "Trip-TrackerTests";
			packageProductDependencies = (
			);
			productName = "Trip-TrackerTests";
			productReference = 768AE3942F929A8F00C575F9 /* Trip-TrackerTests.xctest */;
			productType = "com.apple.product-type.bundle.unit-test";
		};
		768AE39D2F929A8F00C575F9 /* Trip-TrackerUITests */ = {
			isa = PBXNativeTarget;
			buildConfigurationList = 768AE3AE2F929A8F00C575F9 /* Build configuration list for PBXNativeTarget "Trip-TrackerUITests" */;
			buildPhases = (
				768AE39A2F929A8F00C575F9 /* Sources */,
				768AE39B2F929A8F00C575F9 /* Frameworks */,
				768AE39C2F929A8F00C575F9 /* Resources */,
			);
			buildRules = (
			);
			dependencies = (
				768AE3A02F929A8F00C575F9 /* PBXTargetDependency */,
			);
			fileSystemSynchronizedGroups = (
				768AE3A12F929A8F00C575F9 /* Trip-TrackerUITests */,
			);
			name = "Trip-TrackerUITests";
			packageProductDependencies = (
			);
			productName = "Trip-TrackerUITests";
			productReference = 768AE39E2F929A8F00C575F9 /* Trip-TrackerUITests.xctest */;
			productType = "com.apple.product-type.bundle.ui-testing";
		};
/* End PBXNativeTarget section */

/* Begin PBXProject section */
		768AE37D2F929A8E00C575F9 /* Project object */ = {
			isa = PBXProject;
			attributes = {
				BuildIndependentTargetsInParallel = 1;
				LastSwiftUpdateCheck = 2610;
				LastUpgradeCheck = 2610;
				TargetAttributes = {
					768AE3842F929A8E00C575F9 = {
						CreatedOnToolsVersion = 26.1.1;
					};
					768AE3932F929A8F00C575F9 = {
						CreatedOnToolsVersion = 26.1.1;
						TestTargetID = 768AE3842F929A8E00C575F9;
					};
					768AE39D2F929A8F00C575F9 = {
						CreatedOnToolsVersion = 26.1.1;
						TestTargetID = 768AE3842F929A8E00C575F9;
					};
				};
			};
			buildConfigurationList = 768AE3802F929A8E00C575F9 /* Build configuration list for PBXProject "Trip-Tracker" */;
			developmentRegion = en;
			hasScannedForEncodings = 0;
			knownRegions = (
				en,
				Base,
			);
			mainGroup = 768AE37C2F929A8E00C575F9;
			minimizedProjectReferenceProxies = 1;
			preferredProjectObjectVersion = 77;
			productRefGroup = 768AE3862F929A8E00C575F9 /* Products */;
			projectDirPath = "";
			projectRoot = "";
			targets = (
				768AE3842F929A8E00C575F9 /* Trip-Tracker */,
				768AE3932F929A8F00C575F9 /* Trip-TrackerTests */,
				768AE39D2F929A8F00C575F9 /* Trip-TrackerUITests */,
			);
		};
/* End PBXProject section */

/* Begin PBXResourcesBuildPhase section */
		768AE3832F929A8E00C575F9 /* Resources */ = {
			isa = PBXResourcesBuildPhase;
			buildActionMask = 2147483647;
			files = (
			);
			runOnlyForDeploymentPostprocessing = 0;
		};
		768AE3922F929A8F00C575F9 /* Resources */ = {
			isa = PBXResourcesBuildPhase;
			buildActionMask = 2147483647;
			files = (
			);
			runOnlyForDeploymentPostprocessing = 0;
		};
		768AE39C2F929A8F00C575F9 /* Resources */ = {
			isa = PBXResourcesBuildPhase;
			buildActionMask = 2147483647;
			files = (
			);
			runOnlyForDeploymentPostprocessing = 0;
		};
/* End PBXResourcesBuildPhase section */

/* Begin PBXSourcesBuildPhase section */
		768AE3812F929A8E00C575F9 /* Sources */ = {
			isa = PBXSourcesBuildPhase;
			buildActionMask = 2147483647;
			files = (
			);
			runOnlyForDeploymentPostprocessing = 0;
		};
		768AE3902F929A8F00C575F9 /* Sources */ = {
			isa = PBXSourcesBuildPhase;
			buildActionMask = 2147483647;
			files = (
			);
			runOnlyForDeploymentPostprocessing = 0;
		};
		768AE39A2F929A8F00C575F9 /* Sources */ = {
			isa = PBXSourcesBuildPhase;
			buildActionMask = 2147483647;
			files = (
			);
			runOnlyForDeploymentPostprocessing = 0;
		};
/* End PBXSourcesBuildPhase section */

/* Begin PBXTargetDependency section */
		768AE3962F929A8F00C575F9 /* PBXTargetDependency */ = {
			isa = PBXTargetDependency;
			target = 768AE3842F929A8E00C575F9 /* Trip-Tracker */;
			targetProxy = 768AE3952F929A8F00C575F9 /* PBXContainerItemProxy */;
		};
		768AE3A02F929A8F00C575F9 /* PBXTargetDependency */ = {
			isa = PBXTargetDependency;
			target = 768AE3842F929A8E00C575F9 /* Trip-Tracker */;
			targetProxy = 768AE39F2F929A8F00C575F9 /* PBXContainerItemProxy */;
		};
/* End PBXTargetDependency section */

/* Begin XCBuildConfiguration section */
		768AE3A62F929A8F00C575F9 /* Debug */ = {
			isa = XCBuildConfiguration;
			buildSettings = {
				ALWAYS_SEARCH_USER_PATHS = NO;
				ASSETCATALOG_COMPILER_GENERATE_SWIFT_ASSET_SYMBOL_EXTENSIONS = YES;
				CLANG_ANALYZER_NONNULL = YES;
				CLANG_ANALYZER_NUMBER_OBJECT_CONVERSION = YES_AGGRESSIVE;
				CLANG_CXX_LANGUAGE_STANDARD = "gnu++20";
				CLANG_ENABLE_MODULES = YES;
				CLANG_ENABLE_OBJC_ARC = YES;
				CLANG_ENABLE_OBJC_WEAK = YES;
				CLANG_WARN_BLOCK_CAPTURE_AUTORELEASING = YES;
				CLANG_WARN_BOOL_CONVERSION = YES;
				CLANG_WARN_COMMA = YES;
				CLANG_WARN_CONSTANT_CONVERSION = YES;
				CLANG_WARN_DEPRECATED_OBJC_IMPLEMENTATIONS = YES;
				CLANG_WARN_DIRECT_OBJC_ISA_USAGE = YES_ERROR;
				CLANG_WARN_DOCUMENTATION_COMMENTS = YES;
				CLANG_WARN_EMPTY_BODY = YES;
				CLANG_WARN_ENUM_CONVERSION = YES;
				CLANG_WARN_INFINITE_RECURSION = YES;
				CLANG_WARN_INT_CONVERSION = YES;
				CLANG_WARN_NON_LITERAL_NULL_CONVERSION = YES;
				CLANG_WARN_OBJC_IMPLICIT_RETAIN_SELF = YES;
				CLANG_WARN_OBJC_LITERAL_CONVERSION = YES;
				CLANG_WARN_OBJC_ROOT_CLASS = YES_ERROR;
				CLANG_WARN_QUOTED_INCLUDE_IN_FRAMEWORK_HEADER = YES;
				CLANG_WARN_RANGE_LOOP_ANALYSIS = YES;
				CLANG_WARN_STRICT_PROTOTYPES = YES;
				CLANG_WARN_SUSPICIOUS_MOVE = YES;
				CLANG_WARN_UNGUARDED_AVAILABILITY = YES_AGGRESSIVE;
				CLANG_WARN_UNREACHABLE_CODE = YES;
				CLANG_WARN__DUPLICATE_METHOD_MATCH = YES;
				COPY_PHASE_STRIP = NO;
				DEBUG_INFORMATION_FORMAT = dwarf;
				DEVELOPMENT_TEAM = T8Q55B9HQF;
				ENABLE_STRICT_OBJC_MSGSEND = YES;
				ENABLE_TESTABILITY = YES;
				ENABLE_USER_SCRIPT_SANDBOXING = YES;
				GCC_C_LANGUAGE_STANDARD = gnu17;
				GCC_DYNAMIC_NO_PIC = NO;
				GCC_NO_COMMON_BLOCKS = YES;
				GCC_OPTIMIZATION_LEVEL = 0;
				GCC_PREPROCESSOR_DEFINITIONS = (
					"DEBUG=1",
					"$(inherited)",
				);
				GCC_WARN_64_TO_32_BIT_CONVERSION = YES;
				GCC_WARN_ABOUT_RETURN_TYPE = YES_ERROR;
				GCC_WARN_UNDECLARED_SELECTOR = YES;
				GCC_WARN_UNINITIALIZED_AUTOS = YES_AGGRESSIVE;
				GCC_WARN_UNUSED_FUNCTION = YES;
				GCC_WARN_UNUSED_VARIABLE = YES;
				IPHONEOS_DEPLOYMENT_TARGET = 26.1;
				LOCALIZATION_PREFERS_STRING_CATALOGS = YES;
				MTL_ENABLE_DEBUG_INFO = INCLUDE_SOURCE;
				MTL_FAST_MATH = YES;
				ONLY_ACTIVE_ARCH = YES;
				SDKROOT = iphoneos;
				SWIFT_ACTIVE_COMPILATION_CONDITIONS = "DEBUG $(inherited)";
				SWIFT_OPTIMIZATION_LEVEL = "-Onone";
			};
			name = Debug;
		};
		768AE3A72F929A8F00C575F9 /* Release */ = {
			isa = XCBuildConfiguration;
			buildSettings = {
				ALWAYS_SEARCH_USER_PATHS = NO;
				ASSETCATALOG_COMPILER_GENERATE_SWIFT_ASSET_SYMBOL_EXTENSIONS = YES;
				CLANG_ANALYZER_NONNULL = YES;
				CLANG_ANALYZER_NUMBER_OBJECT_CONVERSION = YES_AGGRESSIVE;
				CLANG_CXX_LANGUAGE_STANDARD = "gnu++20";
				CLANG_ENABLE_MODULES = YES;
				CLANG_ENABLE_OBJC_ARC = YES;
				CLANG_ENABLE_OBJC_WEAK = YES;
				CLANG_WARN_BLOCK_CAPTURE_AUTORELEASING = YES;
				CLANG_WARN_BOOL_CONVERSION = YES;
				CLANG_WARN_COMMA = YES;
				CLANG_WARN_CONSTANT_CONVERSION = YES;
				CLANG_WARN_DEPRECATED_OBJC_IMPLEMENTATIONS = YES;
				CLANG_WARN_DIRECT_OBJC_ISA_USAGE = YES_ERROR;
				CLANG_WARN_DOCUMENTATION_COMMENTS = YES;
				CLANG_WARN_EMPTY_BODY = YES;
				CLANG_WARN_ENUM_CONVERSION = YES;
				CLANG_WARN_INFINITE_RECURSION = YES;
				CLANG_WARN_INT_CONVERSION = YES;
				CLANG_WARN_NON_LITERAL_NULL_CONVERSION = YES;
				CLANG_WARN_OBJC_IMPLICIT_RETAIN_SELF = YES;
				CLANG_WARN_OBJC_LITERAL_CONVERSION = YES;
				CLANG_WARN_OBJC_ROOT_CLASS = YES_ERROR;
				CLANG_WARN_QUOTED_INCLUDE_IN_FRAMEWORK_HEADER = YES;
				CLANG_WARN_RANGE_LOOP_ANALYSIS = YES;
				CLANG_WARN_STRICT_PROTOTYPES = YES;
				CLANG_WARN_SUSPICIOUS_MOVE = YES;
				CLANG_WARN_UNGUARDED_AVAILABILITY = YES_AGGRESSIVE;
				CLANG_WARN_UNREACHABLE_CODE = YES;
				CLANG_WARN__DUPLICATE_METHOD_MATCH = YES;
				COPY_PHASE_STRIP = NO;
				DEBUG_INFORMATION_FORMAT = "dwarf-with-dsym";
				DEVELOPMENT_TEAM = T8Q55B9HQF;
				ENABLE_NS_ASSERTIONS = NO;
				ENABLE_STRICT_OBJC_MSGSEND = YES;
				ENABLE_USER_SCRIPT_SANDBOXING = YES;
				GCC_C_LANGUAGE_STANDARD = gnu17;
				GCC_NO_COMMON_BLOCKS = YES;
				GCC_WARN_64_TO_32_BIT_CONVERSION = YES;
				GCC_WARN_ABOUT_RETURN_TYPE = YES_ERROR;
				GCC_WARN_UNDECLARED_SELECTOR = YES;
				GCC_WARN_UNINITIALIZED_AUTOS = YES_AGGRESSIVE;
				GCC_WARN_UNUSED_FUNCTION = YES;
				GCC_WARN_UNUSED_VARIABLE = YES;
				IPHONEOS_DEPLOYMENT_TARGET = 26.1;
				LOCALIZATION_PREFERS_STRING_CATALOGS = YES;
				MTL_ENABLE_DEBUG_INFO = NO;
				MTL_FAST_MATH = YES;
				SDKROOT = iphoneos;
				SWIFT_COMPILATION_MODE = wholemodule;
				VALIDATE_PRODUCT = YES;
			};
			name = Release;
		};
		768AE3A92F929A8F00C575F9 /* Debug */ = {
			isa = XCBuildConfiguration;
			buildSettings = {
				ASSETCATALOG_COMPILER_APPICON_NAME = AppIcon;
				ASSETCATALOG_COMPILER_GLOBAL_ACCENT_COLOR_NAME = AccentColor;
				CODE_SIGN_STYLE = Automatic;
				CURRENT_PROJECT_VERSION = 1;
				DEVELOPMENT_TEAM = T8Q55B9HQF;
				ENABLE_PREVIEWS = YES;
				GENERATE_INFOPLIST_FILE = YES;
				INFOPLIST_FILE = "Trip-Tracker/Info.plist";
				INFOPLIST_KEY_NSLocationAlwaysAndWhenInUseUsageDescription = "Allow location tracking Always and In use ";
				INFOPLIST_KEY_NSLocationAlwaysUsageDescription = "Allow app to access location always";
				INFOPLIST_KEY_NSLocationWhenInUseUsageDescription = "Allow location tracking when app in use";
				INFOPLIST_KEY_UIApplicationSceneManifest_Generation = YES;
				INFOPLIST_KEY_UIApplicationSupportsIndirectInputEvents = YES;
				INFOPLIST_KEY_UILaunchScreen_Generation = YES;
				INFOPLIST_KEY_UISupportedInterfaceOrientations_iPad = "UIInterfaceOrientationPortrait UIInterfaceOrientationPortraitUpsideDown UIInterfaceOrientationLandscapeLeft UIInterfaceOrientationLandscapeRight";
				INFOPLIST_KEY_UISupportedInterfaceOrientations_iPhone = "UIInterfaceOrientationPortrait UIInterfaceOrientationLandscapeLeft UIInterfaceOrientationLandscapeRight";
				LD_RUNPATH_SEARCH_PATHS = (
					"$(inherited)",
					"@executable_path/Frameworks",
				);
				MARKETING_VERSION = 1.0;
				PRODUCT_BUNDLE_IDENTIFIER = "msu.research.Trip-Tracker";
				PRODUCT_NAME = "$(TARGET_NAME)";
				STRING_CATALOG_GENERATE_SYMBOLS = YES;
				SWIFT_APPROACHABLE_CONCURRENCY = YES;
				SWIFT_DEFAULT_ACTOR_ISOLATION = MainActor;
				SWIFT_EMIT_LOC_STRINGS = YES;
				SWIFT_UPCOMING_FEATURE_MEMBER_IMPORT_VISIBILITY = YES;
				SWIFT_VERSION = 5.0;
				TARGETED_DEVICE_FAMILY = "1,2";
			};
			name = Debug;
		};
		768AE3AA2F929A8F00C575F9 /* Release */ = {
			isa = XCBuildConfiguration;
			buildSettings = {
				ASSETCATALOG_COMPILER_APPICON_NAME = AppIcon;
				ASSETCATALOG_COMPILER_GLOBAL_ACCENT_COLOR_NAME = AccentColor;
				CODE_SIGN_STYLE = Automatic;
				CURRENT_PROJECT_VERSION = 1;
				DEVELOPMENT_TEAM = T8Q55B9HQF;
				ENABLE_PREVIEWS = YES;
				GENERATE_INFOPLIST_FILE = YES;
				INFOPLIST_FILE = "Trip-Tracker/Info.plist";
				INFOPLIST_KEY_NSLocationAlwaysAndWhenInUseUsageDescription = "Allow location tracking Always and In use ";
				INFOPLIST_KEY_NSLocationAlwaysUsageDescription = "Allow app to access location always";
				INFOPLIST_KEY_NSLocationWhenInUseUsageDescription = "Allow location tracking when app in use";
				INFOPLIST_KEY_UIApplicationSceneManifest_Generation = YES;
				INFOPLIST_KEY_UIApplicationSupportsIndirectInputEvents = YES;
				INFOPLIST_KEY_UILaunchScreen_Generation = YES;
				INFOPLIST_KEY_UISupportedInterfaceOrientations_iPad = "UIInterfaceOrientationPortrait UIInterfaceOrientationPortraitUpsideDown UIInterfaceOrientationLandscapeLeft UIInterfaceOrientationLandscapeRight";
				INFOPLIST_KEY_UISupportedInterfaceOrientations_iPhone = "UIInterfaceOrientationPortrait UIInterfaceOrientationLandscapeLeft UIInterfaceOrientationLandscapeRight";
				LD_RUNPATH_SEARCH_PATHS = (
					"$(inherited)",
					"@executable_path/Frameworks",
				);
				MARKETING_VERSION = 1.0;
				PRODUCT_BUNDLE_IDENTIFIER = "msu.research.Trip-Tracker";
				PRODUCT_NAME = "$(TARGET_NAME)";
				STRING_CATALOG_GENERATE_SYMBOLS = YES;
				SWIFT_APPROACHABLE_CONCURRENCY = YES;
				SWIFT_DEFAULT_ACTOR_ISOLATION = MainActor;
				SWIFT_EMIT_LOC_STRINGS = YES;
				SWIFT_UPCOMING_FEATURE_MEMBER_IMPORT_VISIBILITY = YES;
				SWIFT_VERSION = 5.0;
				TARGETED_DEVICE_FAMILY = "1,2";
			};
			name = Release;
		};
		768AE3AC2F929A8F00C575F9 /* Debug */ = {
			isa = XCBuildConfiguration;
			buildSettings = {
				BUNDLE_LOADER = "$(TEST_HOST)";
				CODE_SIGN_STYLE = Automatic;
				CURRENT_PROJECT_VERSION = 1;
				DEVELOPMENT_TEAM = T8Q55B9HQF;
				GENERATE_INFOPLIST_FILE = YES;
				IPHONEOS_DEPLOYMENT_TARGET = 26.1;
				MARKETING_VERSION = 1.0;
				PRODUCT_BUNDLE_IDENTIFIER = "msu.research.Trip-TrackerTests";
				PRODUCT_NAME = "$(TARGET_NAME)";
				STRING_CATALOG_GENERATE_SYMBOLS = NO;
				SWIFT_APPROACHABLE_CONCURRENCY = YES;
				SWIFT_EMIT_LOC_STRINGS = NO;
				SWIFT_UPCOMING_FEATURE_MEMBER_IMPORT_VISIBILITY = YES;
				SWIFT_VERSION = 5.0;
				TARGETED_DEVICE_FAMILY = "1,2";
				TEST_HOST = "$(BUILT_PRODUCTS_DIR)/Trip-Tracker.app/$(BUNDLE_EXECUTABLE_FOLDER_PATH)/Trip-Tracker";
			};
			name = Debug;
		};
		768AE3AD2F929A8F00C575F9 /* Release */ = {
			isa = XCBuildConfiguration;
			buildSettings = {
				BUNDLE_LOADER = "$(TEST_HOST)";
				CODE_SIGN_STYLE = Automatic;
				CURRENT_PROJECT_VERSION = 1;
				DEVELOPMENT_TEAM = T8Q55B9HQF;
				GENERATE_INFOPLIST_FILE = YES;
				IPHONEOS_DEPLOYMENT_TARGET = 26.1;
				MARKETING_VERSION = 1.0;
				PRODUCT_BUNDLE_IDENTIFIER = "msu.research.Trip-TrackerTests";
				PRODUCT_NAME = "$(TARGET_NAME)";
				STRING_CATALOG_GENERATE_SYMBOLS = NO;
				SWIFT_APPROACHABLE_CONCURRENCY = YES;
				SWIFT_EMIT_LOC_STRINGS = NO;
				SWIFT_UPCOMING_FEATURE_MEMBER_IMPORT_VISIBILITY = YES;
				SWIFT_VERSION = 5.0;
				TARGETED_DEVICE_FAMILY = "1,2";
				TEST_HOST = "$(BUILT_PRODUCTS_DIR)/Trip-Tracker.app/$(BUNDLE_EXECUTABLE_FOLDER_PATH)/Trip-Tracker";
			};
			name = Release;
		};
		768AE3AF2F929A8F00C575F9 /* Debug */ = {
			isa = XCBuildConfiguration;
			buildSettings = {
				CODE_SIGN_STYLE = Automatic;
				CURRENT_PROJECT_VERSION = 1;
				DEVELOPMENT_TEAM = T8Q55B9HQF;
				GENERATE_INFOPLIST_FILE = YES;
				MARKETING_VERSION = 1.0;
				PRODUCT_BUNDLE_IDENTIFIER = "msu.research.Trip-TrackerUITests";
				PRODUCT_NAME = "$(TARGET_NAME)";
				STRING_CATALOG_GENERATE_SYMBOLS = NO;
				SWIFT_APPROACHABLE_CONCURRENCY = YES;
				SWIFT_EMIT_LOC_STRINGS = NO;
				SWIFT_UPCOMING_FEATURE_MEMBER_IMPORT_VISIBILITY = YES;
				SWIFT_VERSION = 5.0;
				TARGETED_DEVICE_FAMILY = "1,2";
				TEST_TARGET_NAME = "Trip-Tracker";
			};
			name = Debug;
		};
		768AE3B02F929A8F00C575F9 /* Release */ = {
			isa = XCBuildConfiguration;
			buildSettings = {
				CODE_SIGN_STYLE = Automatic;
				CURRENT_PROJECT_VERSION = 1;
				DEVELOPMENT_TEAM = T8Q55B9HQF;
				GENERATE_INFOPLIST_FILE = YES;
				MARKETING_VERSION = 1.0;
				PRODUCT_BUNDLE_IDENTIFIER = "msu.research.Trip-TrackerUITests";
				PRODUCT_NAME = "$(TARGET_NAME)";
				STRING_CATALOG_GENERATE_SYMBOLS = NO;
				SWIFT_APPROACHABLE_CONCURRENCY = YES;
				SWIFT_EMIT_LOC_STRINGS = NO;
				SWIFT_UPCOMING_FEATURE_MEMBER_IMPORT_VISIBILITY = YES;
				SWIFT_VERSION = 5.0;
				TARGETED_DEVICE_FAMILY = "1,2";
				TEST_TARGET_NAME = "Trip-Tracker";
			};
			name = Release;
		};
/* End XCBuildConfiguration section */

/* Begin XCConfigurationList section */
		768AE3802F929A8E00C575F9 /* Build configuration list for PBXProject "Trip-Tracker" */ = {
			isa = XCConfigurationList;
			buildConfigurations = (
				768AE3A62F929A8F00C575F9 /* Debug */,
				768AE3A72F929A8F00C575F9 /* Release */,
			);
			defaultConfigurationIsVisible = 0;
			defaultConfigurationName = Release;
		};
		768AE3A82F929A8F00C575F9 /* Build configuration list for PBXNativeTarget "Trip-Tracker" */ = {
			isa = XCConfigurationList;
			buildConfigurations = (
				768AE3A92F929A8F00C575F9 /* Debug */,
				768AE3AA2F929A8F00C575F9 /* Release */,
			);
			defaultConfigurationIsVisible = 0;
			defaultConfigurationName = Release;
		};
		768AE3AB2F929A8F00C575F9 /* Build configuration list for PBXNativeTarget "Trip-TrackerTests" */ = {
			isa = XCConfigurationList;
			buildConfigurations = (
				768AE3AC2F929A8F00C575F9 /* Debug */,
				768AE3AD2F929A8F00C575F9 /* Release */,
			);
			defaultConfigurationIsVisible = 0;
			defaultConfigurationName = Release;
		};
		768AE3AE2F929A8F00C575F9 /* Build configuration list for PBXNativeTarget "Trip-TrackerUITests" */ = {
			isa = XCConfigurationList;
			buildConfigurations = (
				768AE3AF2F929A8F00C575F9 /* Debug */,
				768AE3B02F929A8F00C575F9 /* Release */,
			);
			defaultConfigurationIsVisible = 0;
			defaultConfigurationName = Release;
		};
/* End XCConfigurationList section */
	};
	rootObject = 768AE37D2F929A8E00C575F9 /* Project object */;
}
